
Microsoft Visual Studio Solution File, Format Version 12.00
# Visual Studio Version 17
VisualStudioVersion = 17.4.33122.133
MinimumVisualStudioVersion = 10.0.40219.1
Project("{9A19103F-16F7-4668-BE54-9A1E7A4F7556}") = "DataExtractionAWSAPI", "DataExtractionAWSAPI\DataExtractionAWSAPI.csproj", "{05078603-6ADC-4C55-81FC-28AF5E502AF1}"
EndProject
Project("{2150E333-8FDC-42A3-9474-1A3956D46DE8}") = "DataExtractionAWS", "DataExtractionAWS", "{755F52B5-B1D8-46D1-AA76-F57299A5212D}"
EndProject
Project("{2150E333-8FDC-42A3-9474-1A3956D46DE8}") = "API", "API", "{3FEF8980-64D5-4086-A445-9F355AC8E677}"
EndProject
Project("{2150E333-8FDC-42A3-9474-1A3956D46DE8}") = "Core", "Core", "{1869B722-9B1D-4BA4-BF9D-C5494ECBB8BF}"
EndProject
Project("{2150E333-8FDC-42A3-9474-1A3956D46DE8}") = "Infrastructure", "Infrastructure", "{F68CE585-E8B7-4CFF-9B63-1E2D7843407C}"
EndProject
Project("{2150E333-8FDC-42A3-9474-1A3956D46DE8}") = "Data", "Data", "{7A0DB45C-DC44-4ED2-9601-2E8A447FFA1F}"
EndProject
Project("{9A19103F-16F7-4668-BE54-9A1E7A4F7556}") = "DataExtractionAWSData", "DataExtractionAWSData\DataExtractionAWSData.csproj", "{15A5E429-62F5-4FFA-9522-17380170896C}"
EndProject
Project("{2150E333-8FDC-42A3-9474-1A3956D46DE8}") = "Domain", "Domain", "{44C83174-91DA-4AC1-89EF-19C2C41ECDB2}"
EndProject
Project("{9A19103F-16F7-4668-BE54-9A1E7A4F7556}") = "DataExtractionDomain", "DataExtractionDomain\DataExtractionDomain.csproj", "{6476E537-5F52-453D-9915-00A32017B98D}"
EndProject
Project("{2150E333-8FDC-42A3-9474-1A3956D46DE8}") = "Repository", "Repository", "{81172AD4-6311-44F6-BCE8-CA7FA73105AC}"
EndProject
Project("{2150E333-8FDC-42A3-9474-1A3956D46DE8}") = "Service", "Service", "{2ECC39CE-3256-4742-B0FC-10FAAC9EBC77}"
EndProject
Project("{9A19103F-16F7-4668-BE54-9A1E7A4F7556}") = "DataExtractionRepository", "DataExtractionRepository\DataExtractionRepository.csproj", "{43B52543-A5C6-4517-9B2F-DDFEE6348F34}"
EndProject
Project("{9A19103F-16F7-4668-BE54-9A1E7A4F7556}") = "DataExtractionService", "DataExtractionService\DataExtractionService.csproj", "{1F84F53D-2F40-4B77-8F03-E2C5ED34CA6D}"
EndProject
Project("{2150E333-8FDC-42A3-9474-1A3956D46DE8}") = "Infrastructure", "Infrastructure", "{5F209FEA-5581-43B6-B2CA-596C1B00EF51}"
EndProject
Project("{9A19103F-16F7-4668-BE54-9A1E7A4F7556}") = "DataExtractionInfra", "DataExtractionInfra\DataExtractionInfra.csproj", "{ABDBDC05-95C5-4D7D-AE4E-039B3B4F1131}"
EndProject
Project("{2150E333-8FDC-42A3-9474-1A3956D46DE8}") = "Dto", "Dto", "{3BC565F5-BD10-4890-B2BB-0540866FF4A7}"
EndProject
Project("{FAE04EC0-301F-11D3-BF4B-00C04F79EFBC}") = "DataExtractionDto", "DataExtractionDto\DataExtractionDto.csproj", "{F9E08707-0996-42E8-B679-72EADC61E714}"
EndProject
Global
	GlobalSection(SolutionConfigurationPlatforms) = preSolution
		Debug|Any CPU = Debug|Any CPU
		Release|Any CPU = Release|Any CPU
	EndGlobalSection
	GlobalSection(ProjectConfigurationPlatforms) = postSolution
		{05078603-6ADC-4C55-81FC-28AF5E502AF1}.Debug|Any CPU.ActiveCfg = Debug|Any CPU
		{05078603-6ADC-4C55-81FC-28AF5E502AF1}.Debug|Any CPU.Build.0 = Debug|Any CPU
		{05078603-6ADC-4C55-81FC-28AF5E502AF1}.Release|Any CPU.ActiveCfg = Release|Any CPU
		{05078603-6ADC-4C55-81FC-28AF5E502AF1}.Release|Any CPU.Build.0 = Release|Any CPU
		{15A5E429-62F5-4FFA-9522-17380170896C}.Debug|Any CPU.ActiveCfg = Debug|Any CPU
		{15A5E429-62F5-4FFA-9522-17380170896C}.Debug|Any CPU.Build.0 = Debug|Any CPU
		{15A5E429-62F5-4FFA-9522-17380170896C}.Release|Any CPU.ActiveCfg = Release|Any CPU
		{15A5E429-62F5-4FFA-9522-17380170896C}.Release|Any CPU.Build.0 = Release|Any CPU
		{6476E537-5F52-453D-9915-00A32017B98D}.Debug|Any CPU.ActiveCfg = Debug|Any CPU
		{6476E537-5F52-453D-9915-00A32017B98D}.Debug|Any CPU.Build.0 = Debug|Any CPU
		{6476E537-5F52-453D-9915-00A32017B98D}.Release|Any CPU.ActiveCfg = Release|Any CPU
		{6476E537-5F52-453D-9915-00A32017B98D}.Release|Any CPU.Build.0 = Release|Any CPU
		{43B52543-A5C6-4517-9B2F-DDFEE6348F34}.Debug|Any CPU.ActiveCfg = Debug|Any CPU
		{43B52543-A5C6-4517-9B2F-DDFEE6348F34}.Debug|Any CPU.Build.0 = Debug|Any CPU
		{43B52543-A5C6-4517-9B2F-DDFEE6348F34}.Release|Any CPU.ActiveCfg = Release|Any CPU
		{43B52543-A5C6-4517-9B2F-DDFEE6348F34}.Release|Any CPU.Build.0 = Release|Any CPU
		{1F84F53D-2F40-4B77-8F03-E2C5ED34CA6D}.Debug|Any CPU.ActiveCfg = Debug|Any CPU
		{1F84F53D-2F40-4B77-8F03-E2C5ED34CA6D}.Debug|Any CPU.Build.0 = Debug|Any CPU
		{1F84F53D-2F40-4B77-8F03-E2C5ED34CA6D}.Release|Any CPU.ActiveCfg = Release|Any CPU
		{1F84F53D-2F40-4B77-8F03-E2C5ED34CA6D}.Release|Any CPU.Build.0 = Release|Any CPU
		{ABDBDC05-95C5-4D7D-AE4E-039B3B4F1131}.Debug|Any CPU.ActiveCfg = Debug|Any CPU
		{ABDBDC05-95C5-4D7D-AE4E-039B3B4F1131}.Debug|Any CPU.Build.0 = Debug|Any CPU
		{ABDBDC05-95C5-4D7D-AE4E-039B3B4F1131}.Release|Any CPU.ActiveCfg = Release|Any CPU
		{ABDBDC05-95C5-4D7D-AE4E-039B3B4F1131}.Release|Any CPU.Build.0 = Release|Any CPU
		{F9E08707-0996-42E8-B679-72EADC61E714}.Debug|Any CPU.ActiveCfg = Debug|Any CPU
		{F9E08707-0996-42E8-B679-72EADC61E714}.Debug|Any CPU.Build.0 = Debug|Any CPU
		{F9E08707-0996-42E8-B679-72EADC61E714}.Release|Any CPU.ActiveCfg = Release|Any CPU
		{F9E08707-0996-42E8-B679-72EADC61E714}.Release|Any CPU.Build.0 = Release|Any CPU
	EndGlobalSection
	GlobalSection(SolutionProperties) = preSolution
		HideSolutionNode = FALSE
	EndGlobalSection
	GlobalSection(NestedProjects) = preSolution
		{05078603-6ADC-4C55-81FC-28AF5E502AF1} = {3FEF8980-64D5-4086-A445-9F355AC8E677}
		{3FEF8980-64D5-4086-A445-9F355AC8E677} = {755F52B5-B1D8-46D1-AA76-F57299A5212D}
		{1869B722-9B1D-4BA4-BF9D-C5494ECBB8BF} = {755F52B5-B1D8-46D1-AA76-F57299A5212D}
		{F68CE585-E8B7-4CFF-9B63-1E2D7843407C} = {755F52B5-B1D8-46D1-AA76-F57299A5212D}
		{7A0DB45C-DC44-4ED2-9601-2E8A447FFA1F} = {F68CE585-E8B7-4CFF-9B63-1E2D7843407C}
		{15A5E429-62F5-4FFA-9522-17380170896C} = {7A0DB45C-DC44-4ED2-9601-2E8A447FFA1F}
		{44C83174-91DA-4AC1-89EF-19C2C41ECDB2} = {F68CE585-E8B7-4CFF-9B63-1E2D7843407C}
		{6476E537-5F52-453D-9915-00A32017B98D} = {44C83174-91DA-4AC1-89EF-19C2C41ECDB2}
		{81172AD4-6311-44F6-BCE8-CA7FA73105AC} = {F68CE585-E8B7-4CFF-9B63-1E2D7843407C}
		{2ECC39CE-3256-4742-B0FC-10FAAC9EBC77} = {F68CE585-E8B7-4CFF-9B63-1E2D7843407C}
		{43B52543-A5C6-4517-9B2F-DDFEE6348F34} = {81172AD4-6311-44F6-BCE8-CA7FA73105AC}
		{1F84F53D-2F40-4B77-8F03-E2C5ED34CA6D} = {2ECC39CE-3256-4742-B0FC-10FAAC9EBC77}
		{5F209FEA-5581-43B6-B2CA-596C1B00EF51} = {1869B722-9B1D-4BA4-BF9D-C5494ECBB8BF}
		{ABDBDC05-95C5-4D7D-AE4E-039B3B4F1131} = {5F209FEA-5581-43B6-B2CA-596C1B00EF51}
		{3BC565F5-BD10-4890-B2BB-0540866FF4A7} = {F68CE585-E8B7-4CFF-9B63-1E2D7843407C}
		{F9E08707-0996-42E8-B679-72EADC61E714} = {3BC565F5-BD10-4890-B2BB-0540866FF4A7}
	EndGlobalSection
	GlobalSection(ExtensibilityGlobals) = postSolution
		SolutionGuid = {F0ADD854-05F6-4A5E-B733-6CA8993611A9}
	EndGlobalSection
EndGlobal
